
Microsoft Visual Studio Solution File, Format Version 12.00
# Visual Studio Version 17
VisualStudioVersion = 17.8.34511.84
MinimumVisualStudioVersion = 10.0.40219.1
Project("{FAE04EC0-301F-11D3-BF4B-00C04F79EFBC}") = "Tests.UnitTest", "Tests.UnitTest\Tests.UnitTest.csproj", "{DC9511B7-79A0-4440-90A3-E525FA25183E}"
EndProject
Project("{FAE04EC0-301F-11D3-BF4B-00C04F79EFBC}") = "TutoUnitTest", "TutoUnitTest\TutoUnitTest.csproj", "{DC489B1A-A51F-4BFE-BFFD-2A9A3BDED93F}"
EndProject
Project("{FAE04EC0-301F-11D3-BF4B-00C04F79EFBC}") = "NUnitTest", "NUnitTest\NUnitTest.csproj", "{2FCA52F9-3629-4F9A-AD78-75B1EEBAC09D}"
EndProject
Global
	GlobalSection(SolutionConfigurationPlatforms) = preSolution
		Debug|Any CPU = Debug|Any CPU
		Release|Any CPU = Release|Any CPU
	EndGlobalSection
	GlobalSection(ProjectConfigurationPlatforms) = postSolution
		{DC9511B7-79A0-4440-90A3-E525FA25183E}.Debug|Any CPU.ActiveCfg = Debug|Any CPU
		{DC9511B7-79A0-4440-90A3-E525FA25183E}.Debug|Any CPU.Build.0 = Debug|Any CPU
		{DC9511B7-79A0-4440-90A3-E525FA25183E}.Release|Any CPU.ActiveCfg = Release|Any CPU
		{DC9511B7-79A0-4440-90A3-E525FA25183E}.Release|Any CPU.Build.0 = Release|Any CPU
		{DC489B1A-A51F-4BFE-BFFD-2A9A3BDED93F}.Debug|Any CPU.ActiveCfg = Debug|Any CPU
		{DC489B1A-A51F-4BFE-BFFD-2A9A3BDED93F}.Debug|Any CPU.Build.0 = Debug|Any CPU
		{DC489B1A-A51F-4BFE-BFFD-2A9A3BDED93F}.Release|Any CPU.ActiveCfg = Release|Any CPU
		{DC489B1A-A51F-4BFE-BFFD-2A9A3BDED93F}.Release|Any CPU.Build.0 = Release|Any CPU
		{2FCA52F9-3629-4F9A-AD78-75B1EEBAC09D}.Debug|Any CPU.ActiveCfg = Debug|Any CPU
		{2FCA52F9-3629-4F9A-AD78-75B1EEBAC09D}.Debug|Any CPU.Build.0 = Debug|Any CPU
		{2FCA52F9-3629-4F9A-AD78-75B1EEBAC09D}.Release|Any CPU.ActiveCfg = Release|Any CPU
		{2FCA52F9-3629-4F9A-AD78-75B1EEBAC09D}.Release|Any CPU.Build.0 = Release|Any CPU
	EndGlobalSection
	GlobalSection(SolutionProperties) = preSolution
		HideSolutionNode = FALSE
	EndGlobalSection
	GlobalSection(ExtensibilityGlobals) = postSolution
		SolutionGuid = {EB1FAA3C-DAE0-4DF2-AFB8-74C35F9373AE}
	EndGlobalSection
EndGlobal
